
Microsoft Visual Studio Solution File, Format Version 12.00
# Visual Studio Version 17
VisualStudioVersion = 17.2.32519.379
MinimumVisualStudioVersion = 10.0.40219.1
Project("{FAE04EC0-301F-11D3-BF4B-00C04F79EFBC}") = "SalesWebMvc", "SalesWebMvc\SalesWebMvc.csproj", "{82591D27-9078-4C38-92ED-F0FCBE339DA0}"
EndProject
Global
	GlobalSection(SolutionConfigurationPlatforms) = preSolution
		Debug|Any CPU = Debug|Any CPU
		Release|Any CPU = Release|Any CPU
	EndGlobalSection
	GlobalSection(ProjectConfigurationPlatforms) = postSolution
		{82591D27-9078-4C38-92ED-F0FCBE339DA0}.Debug|Any CPU.ActiveCfg = Debug|Any CPU
		{82591D27-9078-4C38-92ED-F0FCBE339DA0}.Debug|Any CPU.Build.0 = Debug|Any CPU
		{82591D27-9078-4C38-92ED-F0FCBE339DA0}.Release|Any CPU.ActiveCfg = Release|Any CPU
		{82591D27-9078-4C38-92ED-F0FCBE339DA0}.Release|Any CPU.Build.0 = Release|Any CPU
	EndGlobalSection
	GlobalSection(SolutionProperties) = preSolution
		HideSolutionNode = FALSE
	EndGlobalSection
	GlobalSection(ExtensibilityGlobals) = postSolution
		SolutionGuid = {3AE4A27C-8A7A-456B-9C51-FEADAFB8327F}
	EndGlobalSection
EndGlobal
